// !$*UTF8*$!
{
	archiveVersion = 1;
	classes = {
	};
	objectVersion = 77;
	objects = {

/* Begin PBXBuildFile section */
		850566782F0970730087ACA1 /* Gzip in Frameworks */ = {isa = PBXBuildFile; productRef = 850566772F0970730087ACA1 /* Gzip */; };
		854758372F2F1B7F00F0736E /* ZIPFoundation in Frameworks */ = {isa = PBXBuildFile; productRef = 854758362F2F1B7F00F0736E /* ZIPFoundation */; };
		854CDC7F2F4C3377009EB48D /* SwiftSoup in Frameworks */ = {isa = PBXBuildFile; productRef = 854CDC7E2F4C3377009EB48D /* SwiftSoup */; };
		856185132F078DBF00C5654F /* TranslationKit in Frameworks */ = {isa = PBXBuildFile; productRef = 856185122F078DBF00C5654F /* TranslationKit */; };
		85F253A82F30A8E500DA40B4 /* tags.json in Resources */ = {isa = PBXBuildFile; fileRef = 85F253A72F30A8E500DA40B4 /* tags.json */; };
		85FAD0F22F0687E500A878C7 /* Kingfisher in Frameworks */ = {isa = PBXBuildFile; productRef = 85FAD0F12F0687E500A878C7 /* Kingfisher */; };
/* End PBXBuildFile section */

/* Begin PBXFileReference section */
		853805DB2F30FA23009EDD51 /* Pixwift.app */ = {isa = PBXFileReference; explicitFileType = wrapper.application; includeInIndex = 0; path = Pixwift.app; sourceTree = BUILT_PRODUCTS_DIR; };
		85F253A72F30A8E500DA40B4 /* tags.json */ = {isa = PBXFileReference; lastKnownFileType = text.json; name = tags.json; path = Resources/tags.json; sourceTree = "<group>"; };
/* End PBXFileReference section */

/* Begin PBXFileSystemSynchronizedRootGroup section */
		85E8CE652EF03BF300AD181E /* Pixiv-SwiftUI */ = {
			isa = PBXFileSystemSynchronizedRootGroup;
			path = "Pixiv-SwiftUI";
			sourceTree = "<group>";
		};
/* End PBXFileSystemSynchronizedRootGroup section */

/* Begin PBXFrameworksBuildPhase section */
		85E8CE602EF03BF300AD181E /* Frameworks */ = {
			isa = PBXFrameworksBuildPhase;
			buildActionMask = 2147483647;
			files = (
				85FAD0F22F0687E500A878C7 /* Kingfisher in Frameworks */,
				856185132F078DBF00C5654F /* TranslationKit in Frameworks */,
				850566782F0970730087ACA1 /* Gzip in Frameworks */,
				854758372F2F1B7F00F0736E /* ZIPFoundation in Frameworks */,
				854CDC7F2F4C3377009EB48D /* SwiftSoup in Frameworks */,
			);
			runOnlyForDeploymentPostprocessing = 0;
		};
/* End PBXFrameworksBuildPhase section */

/* Begin PBXGroup section */
		85E8CE5A2EF03BF300AD181E = {
			isa = PBXGroup;
			children = (
				85E8CE652EF03BF300AD181E /* Pixiv-SwiftUI */,
				85F253A72F30A8E500DA40B4 /* tags.json */,
				853805DB2F30FA23009EDD51 /* Pixwift.app */,
			);
			sourceTree = "<group>";
		};
/* End PBXGroup section */

/* Begin PBXNativeTarget section */
		85E8CE622EF03BF300AD181E /* Pixiv-SwiftUI */ = {
			isa = PBXNativeTarget;
			buildConfigurationList = 85E8CE702EF03BF400AD181E /* Build configuration list for PBXNativeTarget "Pixiv-SwiftUI" */;
			buildPhases = (
				85E8CE5F2EF03BF300AD181E /* Sources */,
				85E8CE602EF03BF300AD181E /* Frameworks */,
				85E8CE612EF03BF300AD181E /* Resources */,
			);
			buildRules = (
			);
			dependencies = (
				85B5CA172F23197900ABA8E6 /* PBXTargetDependency */,
			);
			fileSystemSynchronizedGroups = (
				85E8CE652EF03BF300AD181E /* Pixiv-SwiftUI */,
			);
			name = "Pixiv-SwiftUI";
			packageProductDependencies = (
				85FAD0F12F0687E500A878C7 /* Kingfisher */,
				856185122F078DBF00C5654F /* TranslationKit */,
				850566772F0970730087ACA1 /* Gzip */,
				854758362F2F1B7F00F0736E /* ZIPFoundation */,
				854CDC7E2F4C3377009EB48D /* SwiftSoup */,
			);
			productName = Pixwift;
			productReference = 853805DB2F30FA23009EDD51 /* Pixwift.app */;
			productType = "com.apple.product-type.application";
		};
/* End PBXNativeTarget section */

/* Begin PBXProject section */
		85E8CE5B2EF03BF300AD181E /* Project object */ = {
			isa = PBXProject;
			attributes = {
				BuildIndependentTargetsInParallel = 1;
				LastSwiftUpdateCheck = 2620;
				LastUpgradeCheck = 2630;
				TargetAttributes = {
					85E8CE622EF03BF300AD181E = {
						CreatedOnToolsVersion = 26.2;
					};
				};
			};
			buildConfigurationList = 85E8CE5E2EF03BF300AD181E /* Build configuration list for PBXProject "Pixiv-SwiftUI" */;
			developmentRegion = "zh-Hans";
			hasScannedForEncodings = 0;
			knownRegions = (
				en,
				Base,
				"zh-Hans",
			);
			mainGroup = 85E8CE5A2EF03BF300AD181E;
			minimizedProjectReferenceProxies = 1;
			packageReferences = (
				85FAD0F02F0687E500A878C7 /* XCRemoteSwiftPackageReference "Kingfisher" */,
				856185112F078DBF00C5654F /* XCRemoteSwiftPackageReference "TranslationKit" */,
				850566762F0970730087ACA1 /* XCRemoteSwiftPackageReference "GzipSwift" */,
				85B5CA152F23182900ABA8E6 /* XCRemoteSwiftPackageReference "SwiftLintPlugins" */,
				854758352F2F1B7F00F0736E /* XCRemoteSwiftPackageReference "ZIPFoundation" */,
				854CDC7D2F4C3377009EB48D /* XCRemoteSwiftPackageReference "SwiftSoup" */,
			);
			preferredProjectObjectVersion = 77;
			productRefGroup = 85E8CE5A2EF03BF300AD181E;
			projectDirPath = "";
			projectRoot = "";
			targets = (
				85E8CE622EF03BF300AD181E /* Pixiv-SwiftUI */,
			);
		};
/* End PBXProject section */

/* Begin PBXResourcesBuildPhase section */
		85E8CE612EF03BF300AD181E /* Resources */ = {
			isa = PBXResourcesBuildPhase;
			buildActionMask = 2147483647;
			files = (
				85F253A82F30A8E500DA40B4 /* tags.json in Resources */,
			);
			runOnlyForDeploymentPostprocessing = 0;
		};
/* End PBXResourcesBuildPhase section */

/* Begin PBXSourcesBuildPhase section */
		85E8CE5F2EF03BF300AD181E /* Sources */ = {
			isa = PBXSourcesBuildPhase;
			buildActionMask = 2147483647;
			files = (
			);
			runOnlyForDeploymentPostprocessing = 0;
		};
/* End PBXSourcesBuildPhase section */

/* Begin PBXTargetDependency section */
		85B5CA172F23197900ABA8E6 /* PBXTargetDependency */ = {
			isa = PBXTargetDependency;
			productRef = 85B5CA162F23197900ABA8E6 /* SwiftLintBuildToolPlugin */;
		};
/* End PBXTargetDependency section */

/* Begin XCBuildConfiguration section */
		85E8CE6E2EF03BF400AD181E /* Debug */ = {
			isa = XCBuildConfiguration;
			buildSettings = {
				ALWAYS_SEARCH_USER_PATHS = NO;
				ASSETCATALOG_COMPILER_GENERATE_SWIFT_ASSET_SYMBOL_EXTENSIONS = YES;
				CLANG_ANALYZER_LOCALIZABILITY_NONLOCALIZED = YES;
				CLANG_ANALYZER_NONNULL = YES;
				CLANG_ANALYZER_NUMBER_OBJECT_CONVERSION = YES_AGGRESSIVE;
				CLANG_CXX_LANGUAGE_STANDARD = "gnu++20";
				CLANG_ENABLE_MODULES = YES;
				CLANG_ENABLE_OBJC_ARC = YES;
				CLANG_ENABLE_OBJC_WEAK = YES;
				CLANG_WARN_BLOCK_CAPTURE_AUTORELEASING = YES;
				CLANG_WARN_BOOL_CONVERSION = YES;
				CLANG_WARN_COMMA = YES;
				CLANG_WARN_CONSTANT_CONVERSION = YES;
				CLANG_WARN_DEPRECATED_OBJC_IMPLEMENTATIONS = YES;
				CLANG_WARN_DIRECT_OBJC_ISA_USAGE = YES_ERROR;
				CLANG_WARN_DOCUMENTATION_COMMENTS = YES;
				CLANG_WARN_EMPTY_BODY = YES;
				CLANG_WARN_ENUM_CONVERSION = YES;
				CLANG_WARN_INFINITE_RECURSION = YES;
				CLANG_WARN_INT_CONVERSION = YES;
				CLANG_WARN_NON_LITERAL_NULL_CONVERSION = YES;
				CLANG_WARN_OBJC_IMPLICIT_RETAIN_SELF = YES;
				CLANG_WARN_OBJC_LITERAL_CONVERSION = YES;
				CLANG_WARN_OBJC_ROOT_CLASS = YES_ERROR;
				CLANG_WARN_QUOTED_INCLUDE_IN_FRAMEWORK_HEADER = YES;
				CLANG_WARN_RANGE_LOOP_ANALYSIS = YES;
				CLANG_WARN_STRICT_PROTOTYPES = YES;
				CLANG_WARN_SUSPICIOUS_MOVE = YES;
				CLANG_WARN_UNGUARDED_AVAILABILITY = YES_AGGRESSIVE;
				CLANG_WARN_UNREACHABLE_CODE = YES;
				CLANG_WARN__DUPLICATE_METHOD_MATCH = YES;
				COPY_PHASE_STRIP = NO;
				DEAD_CODE_STRIPPING = YES;
				DEBUG_INFORMATION_FORMAT = dwarf;
				DEVELOPMENT_TEAM = "";
				ENABLE_STRICT_OBJC_MSGSEND = YES;
				ENABLE_TESTABILITY = YES;
				ENABLE_USER_SCRIPT_SANDBOXING = YES;
				GCC_C_LANGUAGE_STANDARD = gnu17;
				GCC_DYNAMIC_NO_PIC = NO;
				GCC_NO_COMMON_BLOCKS = YES;
				GCC_OPTIMIZATION_LEVEL = 0;
				GCC_PREPROCESSOR_DEFINITIONS = (
					"DEBUG=1",
					"$(inherited)",
				);
				GCC_WARN_64_TO_32_BIT_CONVERSION = YES;
				GCC_WARN_ABOUT_RETURN_TYPE = YES_ERROR;
				GCC_WARN_UNDECLARED_SELECTOR = YES;
				GCC_WARN_UNINITIALIZED_AUTOS = YES_AGGRESSIVE;
				GCC_WARN_UNUSED_FUNCTION = YES;
				GCC_WARN_UNUSED_VARIABLE = YES;
				LOCALIZATION_PREFERS_STRING_CATALOGS = YES;
				MTL_ENABLE_DEBUG_INFO = INCLUDE_SOURCE;
				MTL_FAST_MATH = YES;
				ONLY_ACTIVE_ARCH = YES;
				STRING_CATALOG_GENERATE_SYMBOLS = YES;
				SWIFT_ACTIVE_COMPILATION_CONDITIONS = "DEBUG $(inherited)";
				SWIFT_EMIT_LOC_STRINGS = YES;
				SWIFT_OPTIMIZATION_LEVEL = "-Onone";
			};
			name = Debug;
		};
		85E8CE6F2EF03BF400AD181E /* Release */ = {
			isa = XCBuildConfiguration;
			buildSettings = {
				ALWAYS_SEARCH_USER_PATHS = NO;
				ASSETCATALOG_COMPILER_GENERATE_SWIFT_ASSET_SYMBOL_EXTENSIONS = YES;
				CLANG_ANALYZER_LOCALIZABILITY_NONLOCALIZED = YES;
				CLANG_ANALYZER_NONNULL = YES;
				CLANG_ANALYZER_NUMBER_OBJECT_CONVERSION = YES_AGGRESSIVE;
				CLANG_CXX_LANGUAGE_STANDARD = "gnu++20";
				CLANG_ENABLE_MODULES = YES;
				CLANG_ENABLE_OBJC_ARC = YES;
				CLANG_ENABLE_OBJC_WEAK = YES;
				CLANG_WARN_BLOCK_CAPTURE_AUTORELEASING = YES;
				CLANG_WARN_BOOL_CONVERSION = YES;
				CLANG_WARN_COMMA = YES;
				CLANG_WARN_CONSTANT_CONVERSION = YES;
				CLANG_WARN_DEPRECATED_OBJC_IMPLEMENTATIONS = YES;
				CLANG_WARN_DIRECT_OBJC_ISA_USAGE = YES_ERROR;
				CLANG_WARN_DOCUMENTATION_COMMENTS = YES;
				CLANG_WARN_EMPTY_BODY = YES;
				CLANG_WARN_ENUM_CONVERSION = YES;
				CLANG_WARN_INFINITE_RECURSION = YES;
				CLANG_WARN_INT_CONVERSION = YES;
				CLANG_WARN_NON_LITERAL_NULL_CONVERSION = YES;
				CLANG_WARN_OBJC_IMPLICIT_RETAIN_SELF = YES;
				CLANG_WARN_OBJC_LITERAL_CONVERSION = YES;
				CLANG_WARN_OBJC_ROOT_CLASS = YES_ERROR;
				CLANG_WARN_QUOTED_INCLUDE_IN_FRAMEWORK_HEADER = YES;
				CLANG_WARN_RANGE_LOOP_ANALYSIS = YES;
				CLANG_WARN_STRICT_PROTOTYPES = YES;
				CLANG_WARN_SUSPICIOUS_MOVE = YES;
				CLANG_WARN_UNGUARDED_AVAILABILITY = YES_AGGRESSIVE;
				CLANG_WARN_UNREACHABLE_CODE = YES;
				CLANG_WARN__DUPLICATE_METHOD_MATCH = YES;
				COPY_PHASE_STRIP = YES;
				DEAD_CODE_STRIPPING = YES;
				DEBUG_INFORMATION_FORMAT = "dwarf-with-dsym";
				DEPLOYMENT_POSTPROCESSING = YES;
				DEVELOPMENT_TEAM = "";
				ENABLE_NS_ASSERTIONS = NO;
				ENABLE_STRICT_OBJC_MSGSEND = YES;
				ENABLE_USER_SCRIPT_SANDBOXING = YES;
				GCC_C_LANGUAGE_STANDARD = gnu17;
				GCC_NO_COMMON_BLOCKS = YES;
				GCC_OPTIMIZATION_LEVEL = s;
				GCC_WARN_64_TO_32_BIT_CONVERSION = YES;
				GCC_WARN_ABOUT_RETURN_TYPE = YES_ERROR;
				GCC_WARN_UNDECLARED_SELECTOR = YES;
				GCC_WARN_UNINITIALIZED_AUTOS = YES_AGGRESSIVE;
				GCC_WARN_UNUSED_FUNCTION = YES;
				GCC_WARN_UNUSED_VARIABLE = YES;
				LOCALIZATION_PREFERS_STRING_CATALOGS = YES;
				MTL_ENABLE_DEBUG_INFO = NO;
				MTL_FAST_MATH = YES;
				STRING_CATALOG_GENERATE_SYMBOLS = YES;
				SWIFT_COMPACT_SWIFT_SYMBOL = YES;
				SWIFT_COMPILATION_MODE = wholemodule;
				SWIFT_EMIT_LOC_STRINGS = YES;
				SWIFT_OPTIMIZATION_LEVEL = "-O";
			};
			name = Release;
		};
		85E8CE712EF03BF400AD181E /* Debug */ = {
			isa = XCBuildConfiguration;
			buildSettings = {
				ASSETCATALOG_COMPILER_APPICON_NAME = AppIcon;
				ASSETCATALOG_COMPILER_GLOBAL_ACCENT_COLOR_NAME = AccentColor;
				CODE_SIGN_ENTITLEMENTS = "Pixiv-SwiftUI/Pixwift.entitlements";
				CODE_SIGN_STYLE = Automatic;
				CURRENT_PROJECT_VERSION = 1;
				DEAD_CODE_STRIPPING = YES;
				DEVELOPMENT_TEAM = "";
				ENABLE_APP_SANDBOX = YES;
				ENABLE_HARDENED_RUNTIME = YES;
				ENABLE_INCOMING_NETWORK_CONNECTIONS = YES;
				ENABLE_OUTGOING_NETWORK_CONNECTIONS = YES;
				ENABLE_PREVIEWS = YES;
				ENABLE_USER_SELECTED_FILES = readwrite;
				GENERATE_INFOPLIST_FILE = YES;
				INFOPLIST_KEY_CFBundleDisplayName = Pixwift;
				INFOPLIST_KEY_CFBundleName = Pixwift;
				INFOPLIST_KEY_NSPhotoLibraryAddUsageDescription = "需要访问相册以保存插画图片";
				"INFOPLIST_KEY_NSPhotoLibraryAddUsageDescription[sdk=iphoneos*]" = "需要访问相册以保存插画图片";
				"INFOPLIST_KEY_NSPhotoLibraryAddUsageDescription[sdk=iphonesimulator*]" = "需要访问相册以保存插画图片";
				"INFOPLIST_KEY_UIApplicationSceneManifest_Generation[sdk=iphoneos*]" = YES;
				"INFOPLIST_KEY_UIApplicationSceneManifest_Generation[sdk=iphonesimulator*]" = YES;
				"INFOPLIST_KEY_UIApplicationSupportsIndirectInputEvents[sdk=iphoneos*]" = YES;
				"INFOPLIST_KEY_UIApplicationSupportsIndirectInputEvents[sdk=iphonesimulator*]" = YES;
				"INFOPLIST_KEY_UILaunchScreen_Generation[sdk=iphoneos*]" = YES;
				"INFOPLIST_KEY_UILaunchScreen_Generation[sdk=iphonesimulator*]" = YES;
				INFOPLIST_KEY_UIStatusBarHidden = YES;
				"INFOPLIST_KEY_UIStatusBarStyle[sdk=iphoneos*]" = UIStatusBarStyleDefault;
				"INFOPLIST_KEY_UIStatusBarStyle[sdk=iphonesimulator*]" = UIStatusBarStyleDefault;
				INFOPLIST_KEY_UISupportedInterfaceOrientations = UIInterfaceOrientationPortrait;
				IPHONEOS_DEPLOYMENT_TARGET = 17.0;
				LD_RUNPATH_SEARCH_PATHS = "@executable_path/Frameworks";
				"LD_RUNPATH_SEARCH_PATHS[sdk=macosx*]" = "@executable_path/../Frameworks";
				MACOSX_DEPLOYMENT_TARGET = 14.0;
				MARKETING_VERSION = 0.16.2;
				PRODUCT_BUNDLE_IDENTIFIER = io.github.shikiroot.pixwift;
				PRODUCT_NAME = Pixwift;
				REGISTER_APP_GROUPS = YES;
				SDKROOT = auto;
				STRING_CATALOG_GENERATE_SYMBOLS = YES;
				SUPPORTED_PLATFORMS = "iphoneos iphonesimulator";
				SUPPORTS_MACCATALYST = NO;
				SWIFT_APPROACHABLE_CONCURRENCY = YES;
				SWIFT_DEFAULT_ACTOR_ISOLATION = MainActor;
				SWIFT_EMIT_LOC_STRINGS = YES;
				SWIFT_UPCOMING_FEATURE_MEMBER_IMPORT_VISIBILITY = YES;
				SWIFT_VERSION = 6.0;
				TARGETED_DEVICE_FAMILY = 1;
				XROS_DEPLOYMENT_TARGET = 26.0;
			};
			name = Debug;
		};
		85E8CE722EF03BF400AD181E /* Release */ = {
			isa = XCBuildConfiguration;
			buildSettings = {
				ASSETCATALOG_COMPILER_APPICON_NAME = AppIcon;
				ASSETCATALOG_COMPILER_GLOBAL_ACCENT_COLOR_NAME = AccentColor;
				CODE_SIGN_ENTITLEMENTS = "Pixiv-SwiftUI/Pixwift.entitlements";
				CODE_SIGN_STYLE = Automatic;
				CURRENT_PROJECT_VERSION = 1;
				DEAD_CODE_STRIPPING = YES;
				DEVELOPMENT_TEAM = "";
				ENABLE_APP_SANDBOX = YES;
				ENABLE_HARDENED_RUNTIME = YES;
				ENABLE_INCOMING_NETWORK_CONNECTIONS = YES;
				ENABLE_OUTGOING_NETWORK_CONNECTIONS = YES;
				ENABLE_PREVIEWS = YES;
				ENABLE_USER_SELECTED_FILES = readwrite;
				GENERATE_INFOPLIST_FILE = YES;
				INFOPLIST_KEY_CFBundleDisplayName = Pixwift;
				INFOPLIST_KEY_CFBundleName = Pixwift;
				INFOPLIST_KEY_NSPhotoLibraryAddUsageDescription = "需要访问相册以保存插画图片";
				"INFOPLIST_KEY_NSPhotoLibraryAddUsageDescription[sdk=iphoneos*]" = "需要访问相册以保存插画图片";
				"INFOPLIST_KEY_NSPhotoLibraryAddUsageDescription[sdk=iphonesimulator*]" = "需要访问相册以保存插画图片";
				"INFOPLIST_KEY_UIApplicationSceneManifest_Generation[sdk=iphoneos*]" = YES;
				"INFOPLIST_KEY_UIApplicationSceneManifest_Generation[sdk=iphonesimulator*]" = YES;
				"INFOPLIST_KEY_UIApplicationSupportsIndirectInputEvents[sdk=iphoneos*]" = YES;
				"INFOPLIST_KEY_UIApplicationSupportsIndirectInputEvents[sdk=iphonesimulator*]" = YES;
				"INFOPLIST_KEY_UILaunchScreen_Generation[sdk=iphoneos*]" = YES;
				"INFOPLIST_KEY_UILaunchScreen_Generation[sdk=iphonesimulator*]" = YES;
				INFOPLIST_KEY_UIStatusBarHidden = YES;
				"INFOPLIST_KEY_UIStatusBarStyle[sdk=iphoneos*]" = UIStatusBarStyleDefault;
				"INFOPLIST_KEY_UIStatusBarStyle[sdk=iphonesimulator*]" = UIStatusBarStyleDefault;
				INFOPLIST_KEY_UISupportedInterfaceOrientations = UIInterfaceOrientationPortrait;
				IPHONEOS_DEPLOYMENT_TARGET = 17.0;
				LD_RUNPATH_SEARCH_PATHS = "@executable_path/Frameworks";
				"LD_RUNPATH_SEARCH_PATHS[sdk=macosx*]" = "@executable_path/../Frameworks";
				MACOSX_DEPLOYMENT_TARGET = 14.0;
				MARKETING_VERSION = 0.16.2;
				PRODUCT_BUNDLE_IDENTIFIER = io.github.shikiroot.pixwift;
				PRODUCT_NAME = Pixwift;
				REGISTER_APP_GROUPS = YES;
				SDKROOT = auto;
				STRING_CATALOG_GENERATE_SYMBOLS = YES;
				SUPPORTED_PLATFORMS = "iphoneos iphonesimulator";
				SUPPORTS_MACCATALYST = NO;
				SWIFT_APPROACHABLE_CONCURRENCY = YES;
				SWIFT_DEFAULT_ACTOR_ISOLATION = MainActor;
				SWIFT_EMIT_LOC_STRINGS = YES;
				SWIFT_UPCOMING_FEATURE_MEMBER_IMPORT_VISIBILITY = YES;
				SWIFT_VERSION = 6.0;
				TARGETED_DEVICE_FAMILY = 1;
				XROS_DEPLOYMENT_TARGET = 26.0;
			};
			name = Release;
		};
/* End XCBuildConfiguration section */

/* Begin XCConfigurationList section */
		85E8CE5E2EF03BF300AD181E /* Build configuration list for PBXProject "Pixiv-SwiftUI" */ = {
			isa = XCConfigurationList;
			buildConfigurations = (
				85E8CE6E2EF03BF400AD181E /* Debug */,
				85E8CE6F2EF03BF400AD181E /* Release */,
			);
			defaultConfigurationIsVisible = 0;
			defaultConfigurationName = Debug;
		};
		85E8CE702EF03BF400AD181E /* Build configuration list for PBXNativeTarget "Pixiv-SwiftUI" */ = {
			isa = XCConfigurationList;
			buildConfigurations = (
				85E8CE712EF03BF400AD181E /* Debug */,
				85E8CE722EF03BF400AD181E /* Release */,
			);
			defaultConfigurationIsVisible = 0;
			defaultConfigurationName = Debug;
		};
/* End XCConfigurationList section */

/* Begin XCRemoteSwiftPackageReference section */
		850566762F0970730087ACA1 /* XCRemoteSwiftPackageReference "GzipSwift" */ = {
			isa = XCRemoteSwiftPackageReference;
			repositoryURL = "https://github.com/1024jp/GzipSwift.git";
			requirement = {
				kind = upToNextMajorVersion;
				minimumVersion = 6.1.0;
			};
		};
		854758352F2F1B7F00F0736E /* XCRemoteSwiftPackageReference "ZIPFoundation" */ = {
			isa = XCRemoteSwiftPackageReference;
			repositoryURL = "https://github.com/weichsel/ZIPFoundation.git";
			requirement = {
				kind = upToNextMajorVersion;
				minimumVersion = 0.9.20;
			};
		};
		854CDC7D2F4C3377009EB48D /* XCRemoteSwiftPackageReference "SwiftSoup" */ = {
			isa = XCRemoteSwiftPackageReference;
			repositoryURL = "https://github.com/scinfu/SwiftSoup.git";
			requirement = {
				kind = upToNextMajorVersion;
				minimumVersion = 2.11.2;
			};
		};
		856185112F078DBF00C5654F /* XCRemoteSwiftPackageReference "TranslationKit" */ = {
			isa = XCRemoteSwiftPackageReference;
			repositoryURL = "https://github.com/Eslzzyl/TranslationKit.git";
			requirement = {
				branch = master;
				kind = branch;
			};
		};
		85B5CA152F23182900ABA8E6 /* XCRemoteSwiftPackageReference "SwiftLintPlugins" */ = {
			isa = XCRemoteSwiftPackageReference;
			repositoryURL = "https://github.com/SimplyDanny/SwiftLintPlugins";
			requirement = {
				kind = upToNextMajorVersion;
				minimumVersion = 0.63.1;
			};
		};
		85FAD0F02F0687E500A878C7 /* XCRemoteSwiftPackageReference "Kingfisher" */ = {
			isa = XCRemoteSwiftPackageReference;
			repositoryURL = "https://github.com/onevcat/Kingfisher.git";
			requirement = {
				kind = upToNextMajorVersion;
				minimumVersion = 8.0.0;
			};
		};
/* End XCRemoteSwiftPackageReference section */

/* Begin XCSwiftPackageProductDependency section */
		850566772F0970730087ACA1 /* Gzip */ = {
			isa = XCSwiftPackageProductDependency;
			package = 850566762F0970730087ACA1 /* XCRemoteSwiftPackageReference "GzipSwift" */;
			productName = Gzip;
		};
		854758362F2F1B7F00F0736E /* ZIPFoundation */ = {
			isa = XCSwiftPackageProductDependency;
			package = 854758352F2F1B7F00F0736E /* XCRemoteSwiftPackageReference "ZIPFoundation" */;
			productName = ZIPFoundation;
		};
		854CDC7E2F4C3377009EB48D /* SwiftSoup */ = {
			isa = XCSwiftPackageProductDependency;
			package = 854CDC7D2F4C3377009EB48D /* XCRemoteSwiftPackageReference "SwiftSoup" */;
			productName = SwiftSoup;
		};
		856185122F078DBF00C5654F /* TranslationKit */ = {
			isa = XCSwiftPackageProductDependency;
			package = 856185112F078DBF00C5654F /* XCRemoteSwiftPackageReference "TranslationKit" */;
			productName = TranslationKit;
		};
		85B5CA162F23197900ABA8E6 /* SwiftLintBuildToolPlugin */ = {
			isa = XCSwiftPackageProductDependency;
			package = 85B5CA152F23182900ABA8E6 /* XCRemoteSwiftPackageReference "SwiftLintPlugins" */;
			productName = "plugin:SwiftLintBuildToolPlugin";
		};
		85FAD0F12F0687E500A878C7 /* Kingfisher */ = {
			isa = XCSwiftPackageProductDependency;
			package = 85FAD0F02F0687E500A878C7 /* XCRemoteSwiftPackageReference "Kingfisher" */;
			productName = Kingfisher;
		};
/* End XCSwiftPackageProductDependency section */
	};
	rootObject = 85E8CE5B2EF03BF300AD181E /* Project object */;
}
